{
  "originHash" : "e6ebc0eaa3534352fdf434500b8e165cd1e945fe18d472e1864833c3106644b0",
  "pins" : [
    {
      "identity" : "initmacro",
      "kind" : "remoteSourceControl",
      "location" : "https://github.com/Fleuronic/InitMacro.git",
      "state" : {
        "branch" : "main",
        "revision" : "323cda3658117d4c58d597908365ab5dcb939d2e"
      }
    },
    {
      "identity" : "swift-security",
      "kind" : "remoteSourceControl",
      "location" : "https://github.com/dm-zharov/swift-security",
      "state" : {
        "branch" : "main",
        "revision" : "1d9d3b1aefcb8ca965a21f63c3f1b725bb5f3a3d"
      }
    },
    {
      "identity" : "swift-syntax",
      "kind" : "remoteSourceControl",
      "location" : "https://github.com/apple/swift-syntax",
      "state" : {
        "revision" : "08a2f0a9a30e0f705f79c9cfaca1f68b71bdc775",
        "version" : "510.0.0"
      }
    }
  ],
  "version" : 3
}
